
Microsoft Visual Studio Solution File, Format Version 12.00
# Visual Studio Version 16
VisualStudioVersion = 16.0.30804.86
MinimumVisualStudioVersion = 10.0.40219.1
Project("{FAE04EC0-301F-11D3-BF4B-00C04F79EFBC}") = "CP77ToolsGui", "CP77ToolsGui.csproj", "{1C3962E2-090B-4B24-9168-24CF8E0E8CF3}"
EndProject
Global
	GlobalSection(SolutionConfigurationPlatforms) = preSolution
		Debug|Any CPU = Debug|Any CPU
		Release|Any CPU = Release|Any CPU
	EndGlobalSection
	GlobalSection(ProjectConfigurationPlatforms) = postSolution
		{1C3962E2-090B-4B24-9168-24CF8E0E8CF3}.Debug|Any CPU.ActiveCfg = Debug|Any CPU
		{1C3962E2-090B-4B24-9168-24CF8E0E8CF3}.Debug|Any CPU.Build.0 = Debug|Any CPU
		{1C3962E2-090B-4B24-9168-24CF8E0E8CF3}.Release|Any CPU.ActiveCfg = Release|Any CPU
		{1C3962E2-090B-4B24-9168-24CF8E0E8CF3}.Release|Any CPU.Build.0 = Release|Any CPU
	EndGlobalSection
	GlobalSection(SolutionProperties) = preSolution
		HideSolutionNode = FALSE
	EndGlobalSection
	GlobalSection(ExtensibilityGlobals) = postSolution
		SolutionGuid = {FFC842A3-BE68-4CC8-AE23-7EA6D65B14AC}
	EndGlobalSection
EndGlobal
